// !$*UTF8*$!
{
	archiveVersion = 1;
	classes = {
	};
	objectVersion = 77;
	objects = {

/* Begin PBXBuildFile section */
		1239286F2DC3C7030081712E /* FirebaseAnalytics in Frameworks */ = {isa = PBXBuildFile; productRef = 1239286E2DC3C7030081712E /* FirebaseAnalytics */; };
		123928712DC3C7030081712E /* FirebaseAuth in Frameworks */ = {isa = PBXBuildFile; productRef = 123928702DC3C7030081712E /* FirebaseAuth */; };
		123928732DC3C7030081712E /* FirebaseCore in Frameworks */ = {isa = PBXBuildFile; productRef = 123928722DC3C7030081712E /* FirebaseCore */; };
		123928752DC3C7030081712E /* FirebaseDatabase in Frameworks */ = {isa = PBXBuildFile; productRef = 123928742DC3C7030081712E /* FirebaseDatabase */; };
		123928A62DC3D4FC0081712E /* FirebaseFirestore in Frameworks */ = {isa = PBXBuildFile; productRef = 123928A52DC3D4FC0081712E /* FirebaseFirestore */; };
/* End PBXBuildFile section */

/* Begin PBXContainerItemProxy section */
		123928432DC333250081712E /* PBXContainerItemProxy */ = {
			isa = PBXContainerItemProxy;
			containerPortal = 123928282DC333220081712E /* Project object */;
			proxyType = 1;
			remoteGlobalIDString = 1239282F2DC333220081712E;
			remoteInfo = QRGenerator;
		};
		1239284D2DC333250081712E /* PBXContainerItemProxy */ = {
			isa = PBXContainerItemProxy;
			containerPortal = 123928282DC333220081712E /* Project object */;
			proxyType = 1;
			remoteGlobalIDString = 1239282F2DC333220081712E;
			remoteInfo = QRGenerator;
		};
/* End PBXContainerItemProxy section */

/* Begin PBXFileReference section */
		123928302DC333220081712E /* QRGenerator.app */ = {isa = PBXFileReference; explicitFileType = wrapper.application; includeInIndex = 0; path = QRGenerator.app; sourceTree = BUILT_PRODUCTS_DIR; };
		123928422DC333250081712E /* QRGeneratorTests.xctest */ = {isa = PBXFileReference; explicitFileType = wrapper.cfbundle; includeInIndex = 0; path = QRGeneratorTests.xctest; sourceTree = BUILT_PRODUCTS_DIR; };
		1239284C2DC333250081712E /* QRGeneratorUITests.xctest */ = {isa = PBXFileReference; explicitFileType = wrapper.cfbundle; includeInIndex = 0; path = QRGeneratorUITests.xctest; sourceTree = BUILT_PRODUCTS_DIR; };
/* End PBXFileReference section */

/* Begin PBXFileSystemSynchronizedRootGroup section */
		123928322DC333220081712E /* QRGenerator */ = {
			isa = PBXFileSystemSynchronizedRootGroup;
			path = QRGenerator;
			sourceTree = "<group>";
		};
/* End PBXFileSystemSynchronizedRootGroup section */

/* Begin PBXFrameworksBuildPhase section */
		1239282D2DC333220081712E /* Frameworks */ = {
			isa = PBXFrameworksBuildPhase;
			buildActionMask = 2147483647;
			files = (
				1239286F2DC3C7030081712E /* FirebaseAnalytics in Frameworks */,
				123928732DC3C7030081712E /* FirebaseCore in Frameworks */,
				123928752DC3C7030081712E /* FirebaseDatabase in Frameworks */,
				123928A62DC3D4FC0081712E /* FirebaseFirestore in Frameworks */,
				123928712DC3C7030081712E /* FirebaseAuth in Frameworks */,
			);
			runOnlyForDeploymentPostprocessing = 0;
		};
		1239283F2DC333250081712E /* Frameworks */ = {
			isa = PBXFrameworksBuildPhase;
			buildActionMask = 2147483647;
			files = (
			);
			runOnlyForDeploymentPostprocessing = 0;
		};
		123928492DC333250081712E /* Frameworks */ = {
			isa = PBXFrameworksBuildPhase;
			buildActionMask = 2147483647;
			files = (
			);
			runOnlyForDeploymentPostprocessing = 0;
		};
/* End PBXFrameworksBuildPhase section */

/* Begin PBXGroup section */
		123928272DC333220081712E = {
			isa = PBXGroup;
			children = (
				123928322DC333220081712E /* QRGenerator */,
				1239286D2DC3C7030081712E /* Frameworks */,
				123928312DC333220081712E /* Products */,
			);
			sourceTree = "<group>";
		};
		123928312DC333220081712E /* Products */ = {
			isa = PBXGroup;
			children = (
				123928302DC333220081712E /* QRGenerator.app */,
				123928422DC333250081712E /* QRGeneratorTests.xctest */,
				1239284C2DC333250081712E /* QRGeneratorUITests.xctest */,
			);
			name = Products;
			sourceTree = "<group>";
		};
		1239286D2DC3C7030081712E /* Frameworks */ = {
			isa = PBXGroup;
			children = (
			);
			name = Frameworks;
			sourceTree = "<group>";
		};
/* End PBXGroup section */

/* Begin PBXNativeTarget section */
		1239282F2DC333220081712E /* QRGenerator */ = {
			isa = PBXNativeTarget;
			buildConfigurationList = 123928562DC333250081712E /* Build configuration list for PBXNativeTarget "QRGenerator" */;
			buildPhases = (
				1239282C2DC333220081712E /* Sources */,
				1239282D2DC333220081712E /* Frameworks */,
				1239282E2DC333220081712E /* Resources */,
			);
			buildRules = (
			);
			dependencies = (
			);
			fileSystemSynchronizedGroups = (
				123928322DC333220081712E /* QRGenerator */,
			);
			name = QRGenerator;
			packageProductDependencies = (
				1239286E2DC3C7030081712E /* FirebaseAnalytics */,
				123928702DC3C7030081712E /* FirebaseAuth */,
				123928722DC3C7030081712E /* FirebaseCore */,
				123928742DC3C7030081712E /* FirebaseDatabase */,
				123928A52DC3D4FC0081712E /* FirebaseFirestore */,
			);
			productName = QRGenerator;
			productReference = 123928302DC333220081712E /* QRGenerator.app */;
			productType = "com.apple.product-type.application";
		};
		123928412DC333250081712E /* QRGeneratorTests */ = {
			isa = PBXNativeTarget;
			buildConfigurationList = 123928592DC333250081712E /* Build configuration list for PBXNativeTarget "QRGeneratorTests" */;
			buildPhases = (
				1239283E2DC333250081712E /* Sources */,
				1239283F2DC333250081712E /* Frameworks */,
				123928402DC333250081712E /* Resources */,
			);
			buildRules = (
			);
			dependencies = (
				123928442DC333250081712E /* PBXTargetDependency */,
			);
			name = QRGeneratorTests;
			packageProductDependencies = (
			);
			productName = QRGeneratorTests;
			productReference = 123928422DC333250081712E /* QRGeneratorTests.xctest */;
			productType = "com.apple.product-type.bundle.unit-test";
		};
		1239284B2DC333250081712E /* QRGeneratorUITests */ = {
			isa = PBXNativeTarget;
			buildConfigurationList = 1239285C2DC333250081712E /* Build configuration list for PBXNativeTarget "QRGeneratorUITests" */;
			buildPhases = (
				123928482DC333250081712E /* Sources */,
				123928492DC333250081712E /* Frameworks */,
				1239284A2DC333250081712E /* Resources */,
			);
			buildRules = (
			);
			dependencies = (
				1239284E2DC333250081712E /* PBXTargetDependency */,
			);
			name = QRGeneratorUITests;
			packageProductDependencies = (
			);
			productName = QRGeneratorUITests;
			productReference = 1239284C2DC333250081712E /* QRGeneratorUITests.xctest */;
			productType = "com.apple.product-type.bundle.ui-testing";
		};
/* End PBXNativeTarget section */

/* Begin PBXProject section */
		123928282DC333220081712E /* Project object */ = {
			isa = PBXProject;
			attributes = {
				BuildIndependentTargetsInParallel = 1;
				LastSwiftUpdateCheck = 1630;
				LastUpgradeCheck = 1630;
				TargetAttributes = {
					1239282F2DC333220081712E = {
						CreatedOnToolsVersion = 16.3;
					};
					123928412DC333250081712E = {
						CreatedOnToolsVersion = 16.3;
						TestTargetID = 1239282F2DC333220081712E;
					};
					1239284B2DC333250081712E = {
						CreatedOnToolsVersion = 16.3;
						TestTargetID = 1239282F2DC333220081712E;
					};
				};
			};
			buildConfigurationList = 1239282B2DC333220081712E /* Build configuration list for PBXProject "QRGenerator" */;
			developmentRegion = en;
			hasScannedForEncodings = 0;
			knownRegions = (
				en,
				Base,
			);
			mainGroup = 123928272DC333220081712E;
			minimizedProjectReferenceProxies = 1;
			packageReferences = (
				1239286A2DC3C3B10081712E /* XCRemoteSwiftPackageReference "firebase-ios-sdk" */,
			);
			preferredProjectObjectVersion = 77;
			productRefGroup = 123928312DC333220081712E /* Products */;
			projectDirPath = "";
			projectRoot = "";
			targets = (
				1239282F2DC333220081712E /* QRGenerator */,
				123928412DC333250081712E /* QRGeneratorTests */,
				1239284B2DC333250081712E /* QRGeneratorUITests */,
			);
		};
/* End PBXProject section */

/* Begin PBXResourcesBuildPhase section */
		1239282E2DC333220081712E /* Resources */ = {
			isa = PBXResourcesBuildPhase;
			buildActionMask = 2147483647;
			files = (
			);
			runOnlyForDeploymentPostprocessing = 0;
		};
		123928402DC333250081712E /* Resources */ = {
			isa = PBXResourcesBuildPhase;
			buildActionMask = 2147483647;
			files = (
			);
			runOnlyForDeploymentPostprocessing = 0;
		};
		1239284A2DC333250081712E /* Resources */ = {
			isa = PBXResourcesBuildPhase;
			buildActionMask = 2147483647;
			files = (
			);
			runOnlyForDeploymentPostprocessing = 0;
		};
/* End PBXResourcesBuildPhase section */

/* Begin PBXSourcesBuildPhase section */
		1239282C2DC333220081712E /* Sources */ = {
			isa = PBXSourcesBuildPhase;
			buildActionMask = 2147483647;
			files = (
			);
			runOnlyForDeploymentPostprocessing = 0;
		};
		1239283E2DC333250081712E /* Sources */ = {
			isa = PBXSourcesBuildPhase;
			buildActionMask = 2147483647;
			files = (
			);
			runOnlyForDeploymentPostprocessing = 0;
		};
		123928482DC333250081712E /* Sources */ = {
			isa = PBXSourcesBuildPhase;
			buildActionMask = 2147483647;
			files = (
			);
			runOnlyForDeploymentPostprocessing = 0;
		};
/* End PBXSourcesBuildPhase section */

/* Begin PBXTargetDependency section */
		123928442DC333250081712E /* PBXTargetDependency */ = {
			isa = PBXTargetDependency;
			target = 1239282F2DC333220081712E /* QRGenerator */;
			targetProxy = 123928432DC333250081712E /* PBXContainerItemProxy */;
		};
		1239284E2DC333250081712E /* PBXTargetDependency */ = {
			isa = PBXTargetDependency;
			target = 1239282F2DC333220081712E /* QRGenerator */;
			targetProxy = 1239284D2DC333250081712E /* PBXContainerItemProxy */;
		};
/* End PBXTargetDependency section */

/* Begin XCBuildConfiguration section */
		123928542DC333250081712E /* Debug */ = {
			isa = XCBuildConfiguration;
			buildSettings = {
				ALWAYS_SEARCH_USER_PATHS = NO;
				ASSETCATALOG_COMPILER_GENERATE_SWIFT_ASSET_SYMBOL_EXTENSIONS = YES;
				CLANG_ANALYZER_NONNULL = YES;
				CLANG_ANALYZER_NUMBER_OBJECT_CONVERSION = YES_AGGRESSIVE;
				CLANG_CXX_LANGUAGE_STANDARD = "gnu++20";
				CLANG_ENABLE_MODULES = YES;
				CLANG_ENABLE_OBJC_ARC = YES;
				CLANG_ENABLE_OBJC_WEAK = YES;
				CLANG_WARN_BLOCK_CAPTURE_AUTORELEASING = YES;
				CLANG_WARN_BOOL_CONVERSION = YES;
				CLANG_WARN_COMMA = YES;
				CLANG_WARN_CONSTANT_CONVERSION = YES;
				CLANG_WARN_DEPRECATED_OBJC_IMPLEMENTATIONS = YES;
				CLANG_WARN_DIRECT_OBJC_ISA_USAGE = YES_ERROR;
				CLANG_WARN_DOCUMENTATION_COMMENTS = YES;
				CLANG_WARN_EMPTY_BODY = YES;
				CLANG_WARN_ENUM_CONVERSION = YES;
				CLANG_WARN_INFINITE_RECURSION = YES;
				CLANG_WARN_INT_CONVERSION = YES;
				CLANG_WARN_NON_LITERAL_NULL_CONVERSION = YES;
				CLANG_WARN_OBJC_IMPLICIT_RETAIN_SELF = YES;
				CLANG_WARN_OBJC_LITERAL_CONVERSION = YES;
				CLANG_WARN_OBJC_ROOT_CLASS = YES_ERROR;
				CLANG_WARN_QUOTED_INCLUDE_IN_FRAMEWORK_HEADER = YES;
				CLANG_WARN_RANGE_LOOP_ANALYSIS = YES;
				CLANG_WARN_STRICT_PROTOTYPES = YES;
				CLANG_WARN_SUSPICIOUS_MOVE = YES;
				CLANG_WARN_UNGUARDED_AVAILABILITY = YES_AGGRESSIVE;
				CLANG_WARN_UNREACHABLE_CODE = YES;
				CLANG_WARN__DUPLICATE_METHOD_MATCH = YES;
				COPY_PHASE_STRIP = NO;
				DEBUG_INFORMATION_FORMAT = dwarf;
				ENABLE_STRICT_OBJC_MSGSEND = YES;
				ENABLE_TESTABILITY = YES;
				ENABLE_USER_SCRIPT_SANDBOXING = YES;
				GCC_C_LANGUAGE_STANDARD = gnu17;
				GCC_DYNAMIC_NO_PIC = NO;
				GCC_NO_COMMON_BLOCKS = YES;
				GCC_OPTIMIZATION_LEVEL = 0;
				GCC_PREPROCESSOR_DEFINITIONS = (
					"DEBUG=1",
					"$(inherited)",
				);
				GCC_WARN_64_TO_32_BIT_CONVERSION = YES;
				GCC_WARN_ABOUT_RETURN_TYPE = YES_ERROR;
				GCC_WARN_UNDECLARED_SELECTOR = YES;
				GCC_WARN_UNINITIALIZED_AUTOS = YES_AGGRESSIVE;
				GCC_WARN_UNUSED_FUNCTION = YES;
				GCC_WARN_UNUSED_VARIABLE = YES;
				IPHONEOS_DEPLOYMENT_TARGET = 18.4;
				LOCALIZATION_PREFERS_STRING_CATALOGS = YES;
				MTL_ENABLE_DEBUG_INFO = INCLUDE_SOURCE;
				MTL_FAST_MATH = YES;
				ONLY_ACTIVE_ARCH = YES;
				SDKROOT = iphoneos;
				SWIFT_ACTIVE_COMPILATION_CONDITIONS = "DEBUG $(inherited)";
				SWIFT_OPTIMIZATION_LEVEL = "-Onone";
			};
			name = Debug;
		};
		123928552DC333250081712E /* Release */ = {
			isa = XCBuildConfiguration;
			buildSettings = {
				ALWAYS_SEARCH_USER_PATHS = NO;
				ASSETCATALOG_COMPILER_GENERATE_SWIFT_ASSET_SYMBOL_EXTENSIONS = YES;
				CLANG_ANALYZER_NONNULL = YES;
				CLANG_ANALYZER_NUMBER_OBJECT_CONVERSION = YES_AGGRESSIVE;
				CLANG_CXX_LANGUAGE_STANDARD = "gnu++20";
				CLANG_ENABLE_MODULES = YES;
				CLANG_ENABLE_OBJC_ARC = YES;
				CLANG_ENABLE_OBJC_WEAK = YES;
				CLANG_WARN_BLOCK_CAPTURE_AUTORELEASING = YES;
				CLANG_WARN_BOOL_CONVERSION = YES;
				CLANG_WARN_COMMA = YES;
				CLANG_WARN_CONSTANT_CONVERSION = YES;
				CLANG_WARN_DEPRECATED_OBJC_IMPLEMENTATIONS = YES;
				CLANG_WARN_DIRECT_OBJC_ISA_USAGE = YES_ERROR;
				CLANG_WARN_DOCUMENTATION_COMMENTS = YES;
				CLANG_WARN_EMPTY_BODY = YES;
				CLANG_WARN_ENUM_CONVERSION = YES;
				CLANG_WARN_INFINITE_RECURSION = YES;
				CLANG_WARN_INT_CONVERSION = YES;
				CLANG_WARN_NON_LITERAL_NULL_CONVERSION = YES;
				CLANG_WARN_OBJC_IMPLICIT_RETAIN_SELF = YES;
				CLANG_WARN_OBJC_LITERAL_CONVERSION = YES;
				CLANG_WARN_OBJC_ROOT_CLASS = YES_ERROR;
				CLANG_WARN_QUOTED_INCLUDE_IN_FRAMEWORK_HEADER = YES;
				CLANG_WARN_RANGE_LOOP_ANALYSIS = YES;
				CLANG_WARN_STRICT_PROTOTYPES = YES;
				CLANG_WARN_SUSPICIOUS_MOVE = YES;
				CLANG_WARN_UNGUARDED_AVAILABILITY = YES_AGGRESSIVE;
				CLANG_WARN_UNREACHABLE_CODE = YES;
				CLANG_WARN__DUPLICATE_METHOD_MATCH = YES;
				COPY_PHASE_STRIP = NO;
				DEBUG_INFORMATION_FORMAT = "dwarf-with-dsym";
				ENABLE_NS_ASSERTIONS = NO;
				ENABLE_STRICT_OBJC_MSGSEND = YES;
				ENABLE_USER_SCRIPT_SANDBOXING = YES;
				GCC_C_LANGUAGE_STANDARD = gnu17;
				GCC_NO_COMMON_BLOCKS = YES;
				GCC_WARN_64_TO_32_BIT_CONVERSION = YES;
				GCC_WARN_ABOUT_RETURN_TYPE = YES_ERROR;
				GCC_WARN_UNDECLARED_SELECTOR = YES;
				GCC_WARN_UNINITIALIZED_AUTOS = YES_AGGRESSIVE;
				GCC_WARN_UNUSED_FUNCTION = YES;
				GCC_WARN_UNUSED_VARIABLE = YES;
				IPHONEOS_DEPLOYMENT_TARGET = 18.4;
				LOCALIZATION_PREFERS_STRING_CATALOGS = YES;
				MTL_ENABLE_DEBUG_INFO = NO;
				MTL_FAST_MATH = YES;
				SDKROOT = iphoneos;
				SWIFT_COMPILATION_MODE = wholemodule;
				VALIDATE_PRODUCT = YES;
			};
			name = Release;
		};
		123928572DC333250081712E /* Debug */ = {
			isa = XCBuildConfiguration;
			buildSettings = {
				ASSETCATALOG_COMPILER_APPICON_NAME = AppIcon;
				ASSETCATALOG_COMPILER_GLOBAL_ACCENT_COLOR_NAME = AccentColor;
				CODE_SIGN_STYLE = Automatic;
				CURRENT_PROJECT_VERSION = 1;
				ENABLE_PREVIEWS = YES;
				GENERATE_INFOPLIST_FILE = YES;
				INFOPLIST_KEY_UIApplicationSceneManifest_Generation = YES;
				INFOPLIST_KEY_UIApplicationSupportsIndirectInputEvents = YES;
				INFOPLIST_KEY_UILaunchScreen_Generation = YES;
				INFOPLIST_KEY_UISupportedInterfaceOrientations_iPad = "UIInterfaceOrientationPortrait UIInterfaceOrientationPortraitUpsideDown UIInterfaceOrientationLandscapeLeft UIInterfaceOrientationLandscapeRight";
				INFOPLIST_KEY_UISupportedInterfaceOrientations_iPhone = "UIInterfaceOrientationPortrait UIInterfaceOrientationLandscapeLeft UIInterfaceOrientationLandscapeRight";
				LD_RUNPATH_SEARCH_PATHS = (
					"$(inherited)",
					"@executable_path/Frameworks",
				);
				MARKETING_VERSION = 1.0;
				PRODUCT_BUNDLE_IDENTIFIER = ana.QRGenerator;
				PRODUCT_NAME = "$(TARGET_NAME)";
				SWIFT_EMIT_LOC_STRINGS = YES;
				SWIFT_VERSION = 5.0;
				TARGETED_DEVICE_FAMILY = "1,2";
			};
			name = Debug;
		};
		123928582DC333250081712E /* Release */ = {
			isa = XCBuildConfiguration;
			buildSettings = {
				ASSETCATALOG_COMPILER_APPICON_NAME = AppIcon;
				ASSETCATALOG_COMPILER_GLOBAL_ACCENT_COLOR_NAME = AccentColor;
				CODE_SIGN_STYLE = Automatic;
				CURRENT_PROJECT_VERSION = 1;
				ENABLE_PREVIEWS = YES;
				GENERATE_INFOPLIST_FILE = YES;
				INFOPLIST_KEY_UIApplicationSceneManifest_Generation = YES;
				INFOPLIST_KEY_UIApplicationSupportsIndirectInputEvents = YES;
				INFOPLIST_KEY_UILaunchScreen_Generation = YES;
				INFOPLIST_KEY_UISupportedInterfaceOrientations_iPad = "UIInterfaceOrientationPortrait UIInterfaceOrientationPortraitUpsideDown UIInterfaceOrientationLandscapeLeft UIInterfaceOrientationLandscapeRight";
				INFOPLIST_KEY_UISupportedInterfaceOrientations_iPhone = "UIInterfaceOrientationPortrait UIInterfaceOrientationLandscapeLeft UIInterfaceOrientationLandscapeRight";
				LD_RUNPATH_SEARCH_PATHS = (
					"$(inherited)",
					"@executable_path/Frameworks",
				);
				MARKETING_VERSION = 1.0;
				PRODUCT_BUNDLE_IDENTIFIER = ana.QRGenerator;
				PRODUCT_NAME = "$(TARGET_NAME)";
				SWIFT_EMIT_LOC_STRINGS = YES;
				SWIFT_VERSION = 5.0;
				TARGETED_DEVICE_FAMILY = "1,2";
			};
			name = Release;
		};
		1239285A2DC333250081712E /* Debug */ = {
			isa = XCBuildConfiguration;
			buildSettings = {
				BUNDLE_LOADER = "$(TEST_HOST)";
				CODE_SIGN_STYLE = Automatic;
				CURRENT_PROJECT_VERSION = 1;
				GENERATE_INFOPLIST_FILE = YES;
				IPHONEOS_DEPLOYMENT_TARGET = 18.4;
				MARKETING_VERSION = 1.0;
				PRODUCT_BUNDLE_IDENTIFIER = ana.QRGeneratorTests;
				PRODUCT_NAME = "$(TARGET_NAME)";
				SWIFT_EMIT_LOC_STRINGS = NO;
				SWIFT_VERSION = 5.0;
				TARGETED_DEVICE_FAMILY = "1,2";
				TEST_HOST = "$(BUILT_PRODUCTS_DIR)/QRGenerator.app/$(BUNDLE_EXECUTABLE_FOLDER_PATH)/QRGenerator";
			};
			name = Debug;
		};
		1239285B2DC333250081712E /* Release */ = {
			isa = XCBuildConfiguration;
			buildSettings = {
				BUNDLE_LOADER = "$(TEST_HOST)";
				CODE_SIGN_STYLE = Automatic;
				CURRENT_PROJECT_VERSION = 1;
				GENERATE_INFOPLIST_FILE = YES;
				IPHONEOS_DEPLOYMENT_TARGET = 18.4;
				MARKETING_VERSION = 1.0;
				PRODUCT_BUNDLE_IDENTIFIER = ana.QRGeneratorTests;
				PRODUCT_NAME = "$(TARGET_NAME)";
				SWIFT_EMIT_LOC_STRINGS = NO;
				SWIFT_VERSION = 5.0;
				TARGETED_DEVICE_FAMILY = "1,2";
				TEST_HOST = "$(BUILT_PRODUCTS_DIR)/QRGenerator.app/$(BUNDLE_EXECUTABLE_FOLDER_PATH)/QRGenerator";
			};
			name = Release;
		};
		1239285D2DC333250081712E /* Debug */ = {
			isa = XCBuildConfiguration;
			buildSettings = {
				CODE_SIGN_STYLE = Automatic;
				CURRENT_PROJECT_VERSION = 1;
				GENERATE_INFOPLIST_FILE = YES;
				MARKETING_VERSION = 1.0;
				PRODUCT_BUNDLE_IDENTIFIER = ana.QRGeneratorUITests;
				PRODUCT_NAME = "$(TARGET_NAME)";
				SWIFT_EMIT_LOC_STRINGS = NO;
				SWIFT_VERSION = 5.0;
				TARGETED_DEVICE_FAMILY = "1,2";
				TEST_TARGET_NAME = QRGenerator;
			};
			name = Debug;
		};
		1239285E2DC333250081712E /* Release */ = {
			isa = XCBuildConfiguration;
			buildSettings = {
				CODE_SIGN_STYLE = Automatic;
				CURRENT_PROJECT_VERSION = 1;
				GENERATE_INFOPLIST_FILE = YES;
				MARKETING_VERSION = 1.0;
				PRODUCT_BUNDLE_IDENTIFIER = ana.QRGeneratorUITests;
				PRODUCT_NAME = "$(TARGET_NAME)";
				SWIFT_EMIT_LOC_STRINGS = NO;
				SWIFT_VERSION = 5.0;
				TARGETED_DEVICE_FAMILY = "1,2";
				TEST_TARGET_NAME = QRGenerator;
			};
			name = Release;
		};
/* End XCBuildConfiguration section */

/* Begin XCConfigurationList section */
		1239282B2DC333220081712E /* Build configuration list for PBXProject "QRGenerator" */ = {
			isa = XCConfigurationList;
			buildConfigurations = (
				123928542DC333250081712E /* Debug */,
				123928552DC333250081712E /* Release */,
			);
			defaultConfigurationIsVisible = 0;
			defaultConfigurationName = Release;
		};
		123928562DC333250081712E /* Build configuration list for PBXNativeTarget "QRGenerator" */ = {
			isa = XCConfigurationList;
			buildConfigurations = (
				123928572DC333250081712E /* Debug */,
				123928582DC333250081712E /* Release */,
			);
			defaultConfigurationIsVisible = 0;
			defaultConfigurationName = Release;
		};
		123928592DC333250081712E /* Build configuration list for PBXNativeTarget "QRGeneratorTests" */ = {
			isa = XCConfigurationList;
			buildConfigurations = (
				1239285A2DC333250081712E /* Debug */,
				1239285B2DC333250081712E /* Release */,
			);
			defaultConfigurationIsVisible = 0;
			defaultConfigurationName = Release;
		};
		1239285C2DC333250081712E /* Build configuration list for PBXNativeTarget "QRGeneratorUITests" */ = {
			isa = XCConfigurationList;
			buildConfigurations = (
				1239285D2DC333250081712E /* Debug */,
				1239285E2DC333250081712E /* Release */,
			);
			defaultConfigurationIsVisible = 0;
			defaultConfigurationName = Release;
		};
/* End XCConfigurationList section */

/* Begin XCRemoteSwiftPackageReference section */
		1239286A2DC3C3B10081712E /* XCRemoteSwiftPackageReference "firebase-ios-sdk" */ = {
			isa = XCRemoteSwiftPackageReference;
			repositoryURL = "https://github.com/firebase/firebase-ios-sdk.git";
			requirement = {
				kind = upToNextMajorVersion;
				minimumVersion = 11.12.0;
			};
		};
/* End XCRemoteSwiftPackageReference section */

/* Begin XCSwiftPackageProductDependency section */
		1239286E2DC3C7030081712E /* FirebaseAnalytics */ = {
			isa = XCSwiftPackageProductDependency;
			package = 1239286A2DC3C3B10081712E /* XCRemoteSwiftPackageReference "firebase-ios-sdk" */;
			productName = FirebaseAnalytics;
		};
		123928702DC3C7030081712E /* FirebaseAuth */ = {
			isa = XCSwiftPackageProductDependency;
			package = 1239286A2DC3C3B10081712E /* XCRemoteSwiftPackageReference "firebase-ios-sdk" */;
			productName = FirebaseAuth;
		};
		123928722DC3C7030081712E /* FirebaseCore */ = {
			isa = XCSwiftPackageProductDependency;
			package = 1239286A2DC3C3B10081712E /* XCRemoteSwiftPackageReference "firebase-ios-sdk" */;
			productName = FirebaseCore;
		};
		123928742DC3C7030081712E /* FirebaseDatabase */ = {
			isa = XCSwiftPackageProductDependency;
			package = 1239286A2DC3C3B10081712E /* XCRemoteSwiftPackageReference "firebase-ios-sdk" */;
			productName = FirebaseDatabase;
		};
		123928A52DC3D4FC0081712E /* FirebaseFirestore */ = {
			isa = XCSwiftPackageProductDependency;
			package = 1239286A2DC3C3B10081712E /* XCRemoteSwiftPackageReference "firebase-ios-sdk" */;
			productName = FirebaseFirestore;
		};
/* End XCSwiftPackageProductDependency section */
	};
	rootObject = 123928282DC333220081712E /* Project object */;
}
